
Microsoft Visual Studio Solution File, Format Version 12.00
# Visual Studio 15
VisualStudioVersion = 15.0.28010.2048
MinimumVisualStudioVersion = 10.0.40219.1
Project("{FAE04EC0-301F-11D3-BF4B-00C04F79EFBC}") = "FinalStone", "FinalStone\FinalStone.csproj", "{A933E907-AAE5-4739-956F-DAA9F864FB63}"
EndProject
Global
	GlobalSection(SolutionConfigurationPlatforms) = preSolution
		Debug|Any CPU = Debug|Any CPU
		Release|Any CPU = Release|Any CPU
	EndGlobalSection
	GlobalSection(ProjectConfigurationPlatforms) = postSolution
		{A933E907-AAE5-4739-956F-DAA9F864FB63}.Debug|Any CPU.ActiveCfg = Debug|Any CPU
		{A933E907-AAE5-4739-956F-DAA9F864FB63}.Debug|Any CPU.Build.0 = Debug|Any CPU
		{A933E907-AAE5-4739-956F-DAA9F864FB63}.Release|Any CPU.ActiveCfg = Release|Any CPU
		{A933E907-AAE5-4739-956F-DAA9F864FB63}.Release|Any CPU.Build.0 = Release|Any CPU
	EndGlobalSection
	GlobalSection(SolutionProperties) = preSolution
		HideSolutionNode = FALSE
	EndGlobalSection
	GlobalSection(ExtensibilityGlobals) = postSolution
		SolutionGuid = {B039E1F5-3F42-479A-A49B-3B50E68EA961}
	EndGlobalSection
EndGlobal
